// !$*UTF8*$!
{
	archiveVersion = 1;
	classes = {
	};
	objectVersion = 46;
	objects = {

/* Begin PBXBuildFile section */
		0C10189F16D601E00053A914 /* HttpUtil.mm in Sources */ = {isa = PBXBuildFile; fileRef = 0C10189E16D601E00053A914 /* HttpUtil.mm */; };
		0C1018A316D602690053A914 /* UserData.mm in Sources */ = {isa = PBXBuildFile; fileRef = 0C1018A216D602690053A914 /* UserData.mm */; };
		0C1018A716D603530053A914 /* Message.mm in Sources */ = {isa = PBXBuildFile; fileRef = 0C1018A616D603530053A914 /* Message.mm */; };
		0C1018AB16D603800053A914 /* Location.mm in Sources */ = {isa = PBXBuildFile; fileRef = 0C1018AA16D603800053A914 /* Location.mm */; };
		0C1018AE16D604700053A914 /* User.mm in Sources */ = {isa = PBXBuildFile; fileRef = 0C1018AD16D604700053A914 /* User.mm */; };
		0C1018B116D607C90053A914 /* SerializeUtil.mm in Sources */ = {isa = PBXBuildFile; fileRef = 0C1018B016D607C90053A914 /* SerializeUtil.mm */; };
		0C67AEDF16D3563A00926A47 /* UIKit.framework in Frameworks */ = {isa = PBXBuildFile; fileRef = 0C67AEDE16D3563A00926A47 /* UIKit.framework */; };
		0C67AEE116D3563A00926A47 /* Foundation.framework in Frameworks */ = {isa = PBXBuildFile; fileRef = 0C67AEE016D3563A00926A47 /* Foundation.framework */; };
		0C67AEE316D3563A00926A47 /* CoreGraphics.framework in Frameworks */ = {isa = PBXBuildFile; fileRef = 0C67AEE216D3563A00926A47 /* CoreGraphics.framework */; };
		0C67AEE916D3563A00926A47 /* InfoPlist.strings in Resources */ = {isa = PBXBuildFile; fileRef = 0C67AEE716D3563A00926A47 /* InfoPlist.strings */; };
		0C67AEEB16D3563A00926A47 /* main.m in Sources */ = {isa = PBXBuildFile; fileRef = 0C67AEEA16D3563A00926A47 /* main.m */; };
		0C67AEEF16D3563A00926A47 /* echoAppDelegate.mm in Sources */ = {isa = PBXBuildFile; fileRef = 0C67AEEE16D3563A00926A47 /* echoAppDelegate.mm */; };
		0C67AEF216D3563A00926A47 /* MainStoryboard.storyboard in Resources */ = {isa = PBXBuildFile; fileRef = 0C67AEF016D3563A00926A47 /* MainStoryboard.storyboard */; };
		0C67AEF516D3563A00926A47 /* echoViewController.mm in Sources */ = {isa = PBXBuildFile; fileRef = 0C67AEF416D3563A00926A47 /* echoViewController.mm */; };
		0CCB425416D4A75C00F41BCA /* CoreLocation.framework in Frameworks */ = {isa = PBXBuildFile; fileRef = 0CCB425316D4A75C00F41BCA /* CoreLocation.framework */; };
		0CED88C916D8A6CC00056503 /* Coordinate.mm in Sources */ = {isa = PBXBuildFile; fileRef = 0CED88C816D8A6CC00056503 /* Coordinate.mm */; };
/* End PBXBuildFile section */

/* Begin PBXFileReference section */
		0C10189D16D601E00053A914 /* HttpUtil.h */ = {isa = PBXFileReference; fileEncoding = 4; lastKnownFileType = sourcecode.c.h; path = HttpUtil.h; sourceTree = "<group>"; };
		0C10189E16D601E00053A914 /* HttpUtil.mm */ = {isa = PBXFileReference; fileEncoding = 4; lastKnownFileType = sourcecode.cpp.objcpp; path = HttpUtil.mm; sourceTree = "<group>"; };
		0C1018A116D602690053A914 /* UserData.h */ = {isa = PBXFileReference; fileEncoding = 4; lastKnownFileType = sourcecode.c.h; path = UserData.h; sourceTree = "<group>"; };
		0C1018A216D602690053A914 /* UserData.mm */ = {isa = PBXFileReference; fileEncoding = 4; lastKnownFileType = sourcecode.cpp.objcpp; path = UserData.mm; sourceTree = "<group>"; };
		0C1018A516D603530053A914 /* Message.h */ = {isa = PBXFileReference; fileEncoding = 4; lastKnownFileType = sourcecode.c.h; path = Message.h; sourceTree = "<group>"; };
		0C1018A616D603530053A914 /* Message.mm */ = {isa = PBXFileReference; fileEncoding = 4; lastKnownFileType = sourcecode.cpp.objcpp; path = Message.mm; sourceTree = "<group>"; };
		0C1018A916D603800053A914 /* Location.h */ = {isa = PBXFileReference; fileEncoding = 4; lastKnownFileType = sourcecode.c.h; path = Location.h; sourceTree = "<group>"; };
		0C1018AA16D603800053A914 /* Location.mm */ = {isa = PBXFileReference; fileEncoding = 4; lastKnownFileType = sourcecode.cpp.objcpp; path = Location.mm; sourceTree = "<group>"; };
		0C1018AC16D604700053A914 /* User.h */ = {isa = PBXFileReference; fileEncoding = 4; lastKnownFileType = sourcecode.c.h; path = User.h; sourceTree = "<group>"; };
		0C1018AD16D604700053A914 /* User.mm */ = {isa = PBXFileReference; fileEncoding = 4; lastKnownFileType = sourcecode.cpp.objcpp; path = User.mm; sourceTree = "<group>"; };
		0C1018AF16D607C90053A914 /* SerializeUtil.h */ = {isa = PBXFileReference; fileEncoding = 4; lastKnownFileType = sourcecode.c.h; path = SerializeUtil.h; sourceTree = "<group>"; };
		0C1018B016D607C90053A914 /* SerializeUtil.mm */ = {isa = PBXFileReference; fileEncoding = 4; lastKnownFileType = sourcecode.cpp.objcpp; path = SerializeUtil.mm; sourceTree = "<group>"; };
		0C67AEDA16D3563A00926A47 /* echo.app */ = {isa = PBXFileReference; explicitFileType = wrapper.application; includeInIndex = 0; path = echo.app; sourceTree = BUILT_PRODUCTS_DIR; };
		0C67AEDE16D3563A00926A47 /* UIKit.framework */ = {isa = PBXFileReference; lastKnownFileType = wrapper.framework; name = UIKit.framework; path = System/Library/Frameworks/UIKit.framework; sourceTree = SDKROOT; };
		0C67AEE016D3563A00926A47 /* Foundation.framework */ = {isa = PBXFileReference; lastKnownFileType = wrapper.framework; name = Foundation.framework; path = System/Library/Frameworks/Foundation.framework; sourceTree = SDKROOT; };
		0C67AEE216D3563A00926A47 /* CoreGraphics.framework */ = {isa = PBXFileReference; lastKnownFileType = wrapper.framework; name = CoreGraphics.framework; path = System/Library/Frameworks/CoreGraphics.framework; sourceTree = SDKROOT; };
		0C67AEE616D3563A00926A47 /* echo-Info.plist */ = {isa = PBXFileReference; lastKnownFileType = text.plist.xml; path = "echo-Info.plist"; sourceTree = "<group>"; };
		0C67AEE816D3563A00926A47 /* en */ = {isa = PBXFileReference; lastKnownFileType = text.plist.strings; name = en; path = en.lproj/InfoPlist.strings; sourceTree = "<group>"; };
		0C67AEEA16D3563A00926A47 /* main.m */ = {isa = PBXFileReference; lastKnownFileType = sourcecode.c.objc; path = main.m; sourceTree = "<group>"; };
		0C67AEEC16D3563A00926A47 /* echo-Prefix.pch */ = {isa = PBXFileReference; lastKnownFileType = sourcecode.c.h; path = "echo-Prefix.pch"; sourceTree = "<group>"; };
		0C67AEED16D3563A00926A47 /* echoAppDelegate.h */ = {isa = PBXFileReference; lastKnownFileType = sourcecode.c.h; path = echoAppDelegate.h; sourceTree = "<group>"; };
		0C67AEEE16D3563A00926A47 /* echoAppDelegate.mm */ = {isa = PBXFileReference; lastKnownFileType = sourcecode.cpp.objcpp; path = echoAppDelegate.mm; sourceTree = "<group>"; };
		0C67AEF116D3563A00926A47 /* en */ = {isa = PBXFileReference; lastKnownFileType = file.storyboard; name = en; path = en.lproj/MainStoryboard.storyboard; sourceTree = "<group>"; };
		0C67AEF316D3563A00926A47 /* echoViewController.h */ = {isa = PBXFileReference; lastKnownFileType = sourcecode.c.h; path = echoViewController.h; sourceTree = "<group>"; };
		0C67AEF416D3563A00926A47 /* echoViewController.mm */ = {isa = PBXFileReference; lastKnownFileType = sourcecode.cpp.objcpp; path = echoViewController.mm; sourceTree = "<group>"; };
		0CCB425316D4A75C00F41BCA /* CoreLocation.framework */ = {isa = PBXFileReference; lastKnownFileType = wrapper.framework; name = CoreLocation.framework; path = System/Library/Frameworks/CoreLocation.framework; sourceTree = SDKROOT; };
		0CED88C716D8A6CC00056503 /* Coordinate.h */ = {isa = PBXFileReference; fileEncoding = 4; lastKnownFileType = sourcecode.c.h; path = Coordinate.h; sourceTree = "<group>"; };
		0CED88C816D8A6CC00056503 /* Coordinate.mm */ = {isa = PBXFileReference; fileEncoding = 4; lastKnownFileType = sourcecode.cpp.objcpp; path = Coordinate.mm; sourceTree = "<group>"; };
/* End PBXFileReference section */

/* Begin PBXFrameworksBuildPhase section */
		0C67AED716D3563A00926A47 /* Frameworks */ = {
			isa = PBXFrameworksBuildPhase;
			buildActionMask = 2147483647;
			files = (
				0CCB425416D4A75C00F41BCA /* CoreLocation.framework in Frameworks */,
				0C67AEDF16D3563A00926A47 /* UIKit.framework in Frameworks */,
				0C67AEE116D3563A00926A47 /* Foundation.framework in Frameworks */,
				0C67AEE316D3563A00926A47 /* CoreGraphics.framework in Frameworks */,
			);
			runOnlyForDeploymentPostprocessing = 0;
		};
/* End PBXFrameworksBuildPhase section */

/* Begin PBXGroup section */
		0C10189B16D601AF0053A914 /* Utilities */ = {
			isa = PBXGroup;
			children = (
				0C10189D16D601E00053A914 /* HttpUtil.h */,
				0C10189E16D601E00053A914 /* HttpUtil.mm */,
				0C1018AF16D607C90053A914 /* SerializeUtil.h */,
				0C1018B016D607C90053A914 /* SerializeUtil.mm */,
			);
			name = Utilities;
			sourceTree = "<group>";
		};
		0C1018A016D602520053A914 /* User */ = {
			isa = PBXGroup;
			children = (
				0C1018A116D602690053A914 /* UserData.h */,
				0C1018A216D602690053A914 /* UserData.mm */,
				0C1018AC16D604700053A914 /* User.h */,
				0C1018AD16D604700053A914 /* User.mm */,
			);
			name = User;
			sourceTree = "<group>";
		};
		0C1018A416D603400053A914 /* Message */ = {
			isa = PBXGroup;
			children = (
				0C1018A516D603530053A914 /* Message.h */,
				0C1018A616D603530053A914 /* Message.mm */,
			);
			name = Message;
			sourceTree = "<group>";
		};
		0C1018A816D603660053A914 /* Location */ = {
			isa = PBXGroup;
			children = (
				0C1018A916D603800053A914 /* Location.h */,
				0C1018AA16D603800053A914 /* Location.mm */,
				0CED88C716D8A6CC00056503 /* Coordinate.h */,
				0CED88C816D8A6CC00056503 /* Coordinate.mm */,
			);
			name = Location;
			sourceTree = "<group>";
		};
		0C67AECF16D3563A00926A47 = {
			isa = PBXGroup;
			children = (
				0C67AEE416D3563A00926A47 /* echo */,
				0C67AEDD16D3563A00926A47 /* Frameworks */,
				0C67AEDB16D3563A00926A47 /* Products */,
			);
			sourceTree = "<group>";
		};
		0C67AEDB16D3563A00926A47 /* Products */ = {
			isa = PBXGroup;
			children = (
				0C67AEDA16D3563A00926A47 /* echo.app */,
			);
			name = Products;
			sourceTree = "<group>";
		};
		0C67AEDD16D3563A00926A47 /* Frameworks */ = {
			isa = PBXGroup;
			children = (
				0CCB425316D4A75C00F41BCA /* CoreLocation.framework */,
				0C67AEDE16D3563A00926A47 /* UIKit.framework */,
				0C67AEE016D3563A00926A47 /* Foundation.framework */,
				0C67AEE216D3563A00926A47 /* CoreGraphics.framework */,
			);
			name = Frameworks;
			sourceTree = "<group>";
		};
		0C67AEE416D3563A00926A47 /* echo */ = {
			isa = PBXGroup;
			children = (
				0C1018A816D603660053A914 /* Location */,
				0C1018A416D603400053A914 /* Message */,
				0C1018A016D602520053A914 /* User */,
				0C10189B16D601AF0053A914 /* Utilities */,
				0C67AEED16D3563A00926A47 /* echoAppDelegate.h */,
				0C67AEEE16D3563A00926A47 /* echoAppDelegate.mm */,
				0C67AEF016D3563A00926A47 /* MainStoryboard.storyboard */,
				0C67AEF316D3563A00926A47 /* echoViewController.h */,
				0C67AEF416D3563A00926A47 /* echoViewController.mm */,
				0C67AEE516D3563A00926A47 /* Supporting Files */,
			);
			path = echo;
			sourceTree = "<group>";
		};
		0C67AEE516D3563A00926A47 /* Supporting Files */ = {
			isa = PBXGroup;
			children = (
				0C67AEE616D3563A00926A47 /* echo-Info.plist */,
				0C67AEE716D3563A00926A47 /* InfoPlist.strings */,
				0C67AEEA16D3563A00926A47 /* main.m */,
				0C67AEEC16D3563A00926A47 /* echo-Prefix.pch */,
			);
			name = "Supporting Files";
			sourceTree = "<group>";
		};
/* End PBXGroup section */

/* Begin PBXNativeTarget section */
		0C67AED916D3563A00926A47 /* echo */ = {
			isa = PBXNativeTarget;
			buildConfigurationList = 0C67AEF816D3563A00926A47 /* Build configuration list for PBXNativeTarget "echo" */;
			buildPhases = (
				0C67AED616D3563A00926A47 /* Sources */,
				0C67AED716D3563A00926A47 /* Frameworks */,
				0C67AED816D3563A00926A47 /* Resources */,
			);
			buildRules = (
			);
			dependencies = (
			);
			name = echo;
			productName = echo;
			productReference = 0C67AEDA16D3563A00926A47 /* echo.app */;
			productType = "com.apple.product-type.application";
		};
/* End PBXNativeTarget section */

/* Begin PBXProject section */
		0C67AED116D3563A00926A47 /* Project object */ = {
			isa = PBXProject;
			attributes = {
				CLASSPREFIX = echo;
				LastUpgradeCheck = 0430;
			};
			buildConfigurationList = 0C67AED416D3563A00926A47 /* Build configuration list for PBXProject "echo" */;
			compatibilityVersion = "Xcode 3.2";
			developmentRegion = English;
			hasScannedForEncodings = 0;
			knownRegions = (
				en,
			);
			mainGroup = 0C67AECF16D3563A00926A47;
			productRefGroup = 0C67AEDB16D3563A00926A47 /* Products */;
			projectDirPath = "";
			projectRoot = "";
			targets = (
				0C67AED916D3563A00926A47 /* echo */,
			);
		};
/* End PBXProject section */

/* Begin PBXResourcesBuildPhase section */
		0C67AED816D3563A00926A47 /* Resources */ = {
			isa = PBXResourcesBuildPhase;
			buildActionMask = 2147483647;
			files = (
				0C67AEE916D3563A00926A47 /* InfoPlist.strings in Resources */,
				0C67AEF216D3563A00926A47 /* MainStoryboard.storyboard in Resources */,
			);
			runOnlyForDeploymentPostprocessing = 0;
		};
/* End PBXResourcesBuildPhase section */

/* Begin PBXSourcesBuildPhase section */
		0C67AED616D3563A00926A47 /* Sources */ = {
			isa = PBXSourcesBuildPhase;
			buildActionMask = 2147483647;
			files = (
				0C67AEEB16D3563A00926A47 /* main.m in Sources */,
				0C67AEEF16D3563A00926A47 /* echoAppDelegate.mm in Sources */,
				0C67AEF516D3563A00926A47 /* echoViewController.mm in Sources */,
				0C10189F16D601E00053A914 /* HttpUtil.mm in Sources */,
				0C1018A316D602690053A914 /* UserData.mm in Sources */,
				0C1018A716D603530053A914 /* Message.mm in Sources */,
				0C1018AB16D603800053A914 /* Location.mm in Sources */,
				0C1018AE16D604700053A914 /* User.mm in Sources */,
				0C1018B116D607C90053A914 /* SerializeUtil.mm in Sources */,
				0CED88C916D8A6CC00056503 /* Coordinate.mm in Sources */,
			);
			runOnlyForDeploymentPostprocessing = 0;
		};
/* End PBXSourcesBuildPhase section */

/* Begin PBXVariantGroup section */
		0C67AEE716D3563A00926A47 /* InfoPlist.strings */ = {
			isa = PBXVariantGroup;
			children = (
				0C67AEE816D3563A00926A47 /* en */,
			);
			name = InfoPlist.strings;
			sourceTree = "<group>";
		};
		0C67AEF016D3563A00926A47 /* MainStoryboard.storyboard */ = {
			isa = PBXVariantGroup;
			children = (
				0C67AEF116D3563A00926A47 /* en */,
			);
			name = MainStoryboard.storyboard;
			sourceTree = "<group>";
		};
/* End PBXVariantGroup section */

/* Begin XCBuildConfiguration section */
		0C67AEF616D3563A00926A47 /* Debug */ = {
			isa = XCBuildConfiguration;
			buildSettings = {
				ALWAYS_SEARCH_USER_PATHS = NO;
				ARCHS = "$(ARCHS_STANDARD_32_BIT)";
				CLANG_ENABLE_OBJC_ARC = YES;
				"CODE_SIGN_IDENTITY[sdk=iphoneos*]" = "iPhone Developer";
				COPY_PHASE_STRIP = NO;
				GCC_C_LANGUAGE_STANDARD = gnu99;
				GCC_DYNAMIC_NO_PIC = NO;
				GCC_OPTIMIZATION_LEVEL = 0;
				GCC_PREPROCESSOR_DEFINITIONS = (
					"DEBUG=1",
					"$(inherited)",
				);
				GCC_SYMBOLS_PRIVATE_EXTERN = NO;
				GCC_VERSION = com.apple.compilers.llvm.clang.1_0;
				GCC_WARN_ABOUT_RETURN_TYPE = YES;
				GCC_WARN_UNINITIALIZED_AUTOS = YES;
				GCC_WARN_UNUSED_VARIABLE = YES;
				IPHONEOS_DEPLOYMENT_TARGET = 5.1;
				SDKROOT = iphoneos;
			};
			name = Debug;
		};
		0C67AEF716D3563A00926A47 /* Release */ = {
			isa = XCBuildConfiguration;
			buildSettings = {
				ALWAYS_SEARCH_USER_PATHS = NO;
				ARCHS = "$(ARCHS_STANDARD_32_BIT)";
				CLANG_ENABLE_OBJC_ARC = YES;
				"CODE_SIGN_IDENTITY[sdk=iphoneos*]" = "iPhone Developer";
				COPY_PHASE_STRIP = YES;
				GCC_C_LANGUAGE_STANDARD = gnu99;
				GCC_VERSION = com.apple.compilers.llvm.clang.1_0;
				GCC_WARN_ABOUT_RETURN_TYPE = YES;
				GCC_WARN_UNINITIALIZED_AUTOS = YES;
				GCC_WARN_UNUSED_VARIABLE = YES;
				IPHONEOS_DEPLOYMENT_TARGET = 5.1;
				OTHER_CFLAGS = "-DNS_BLOCK_ASSERTIONS=1";
				SDKROOT = iphoneos;
				VALIDATE_PRODUCT = YES;
			};
			name = Release;
		};
		0C67AEF916D3563A00926A47 /* Debug */ = {
			isa = XCBuildConfiguration;
			buildSettings = {
				CLANG_ENABLE_OBJC_ARC = NO;
				GCC_PRECOMPILE_PREFIX_HEADER = YES;
				GCC_PREFIX_HEADER = "echo/echo-Prefix.pch";
				INFOPLIST_FILE = "echo/echo-Info.plist";
				PRODUCT_NAME = "$(TARGET_NAME)";
				WRAPPER_EXTENSION = app;
			};
			name = Debug;
		};
		0C67AEFA16D3563A00926A47 /* Release */ = {
			isa = XCBuildConfiguration;
			buildSettings = {
				CLANG_ENABLE_OBJC_ARC = NO;
				GCC_PRECOMPILE_PREFIX_HEADER = YES;
				GCC_PREFIX_HEADER = "echo/echo-Prefix.pch";
				INFOPLIST_FILE = "echo/echo-Info.plist";
				PRODUCT_NAME = "$(TARGET_NAME)";
				WRAPPER_EXTENSION = app;
			};
			name = Release;
		};
/* End XCBuildConfiguration section */

/* Begin XCConfigurationList section */
		0C67AED416D3563A00926A47 /* Build configuration list for PBXProject "echo" */ = {
			isa = XCConfigurationList;
			buildConfigurations = (
				0C67AEF616D3563A00926A47 /* Debug */,
				0C67AEF716D3563A00926A47 /* Release */,
			);
			defaultConfigurationIsVisible = 0;
			defaultConfigurationName = Release;
		};
		0C67AEF816D3563A00926A47 /* Build configuration list for PBXNativeTarget "echo" */ = {
			isa = XCConfigurationList;
			buildConfigurations = (
				0C67AEF916D3563A00926A47 /* Debug */,
				0C67AEFA16D3563A00926A47 /* Release */,
			);
			defaultConfigurationIsVisible = 0;
			defaultConfigurationName = Release;
		};
/* End XCConfigurationList section */
	};
	rootObject = 0C67AED116D3563A00926A47 /* Project object */;
}
